# THIS IS AN AUTOGENERATED FILE. DO NOT EDIT THIS FILE DIRECTLY.
# yarn lockfile v1


"@babel/parser@^7.16.4":
  version "7.21.5"
  resolved "https://repo.huaweicloud.com/repository/npm/@babel/parser/-/parser-7.21.5.tgz"
  integrity sha512-J+IxH2IsxV4HbnTrSWgMAQj0UEo61hDA4Ny8h8PCX0MLXiibqHbqIOVneqdocemSBc22VpBKxt4J6FQzy9HarQ==

"@css-render/plugin-bem@^0.15.10":
  version "0.15.12"
  resolved "https://repo.huaweicloud.com/repository/npm/@css-render/plugin-bem/-/plugin-bem-0.15.12.tgz#cd88e46a388e4786436bd622414da0aa6019af3b"
  integrity sha512-Lq2jSOZn+wYQtsyaFj6QRz2EzAnd3iW5fZeHO1WSXQdVYwvwGX0ZiH3X2JQgtgYLT1yeGtrwrqJdNdMEUD2xTw==

"@css-render/vue3-ssr@^0.15.10":
  version "0.15.12"
  resolved "https://repo.huaweicloud.com/repository/npm/@css-render/vue3-ssr/-/vue3-ssr-0.15.12.tgz#798d8dffadecd2bf8c80cbaab64e9df10be5626e"
  integrity sha512-AQLGhhaE0F+rwybRCkKUdzBdTEM/5PZBYy+fSYe1T9z9+yxMuV/k7ZRqa4M69X+EI1W8pa4kc9Iq2VjQkZx4rg==

"@emotion/hash@~0.8.0":
  version "0.8.0"
  resolved "https://repo.huaweicloud.com/repository/npm/@emotion/hash/-/hash-0.8.0.tgz#bbbff68978fefdbe68ccb533bc8cbe1d1afb5413"
  integrity sha512-kBJtf7PH6aWwZ6fka3zQ0p6SBYzx4fl1LoZXE2RrnYST9Xljm7WfKJrU4g/Xr3Beg72MLrp1AWNUmuYJTL7Cow==

"@esbuild/android-arm64@0.17.18":
  version "0.17.18"
  resolved "https://repo.huaweicloud.com/repository/npm/@esbuild/android-arm64/-/android-arm64-0.17.18.tgz#4aa8d8afcffb4458736ca9b32baa97d7cb5861ea"
  integrity sha512-/iq0aK0eeHgSC3z55ucMAHO05OIqmQehiGay8eP5l/5l+iEr4EIbh4/MI8xD9qRFjqzgkc0JkX0LculNC9mXBw==

"@esbuild/android-arm@0.17.18":
  version "0.17.18"
  resolved "https://repo.huaweicloud.com/repository/npm/@esbuild/android-arm/-/android-arm-0.17.18.tgz#74a7e95af4ee212ebc9db9baa87c06a594f2a427"
  integrity sha512-EmwL+vUBZJ7mhFCs5lA4ZimpUH3WMAoqvOIYhVQwdIgSpHC8ImHdsRyhHAVxpDYUSm0lWvd63z0XH1IlImS2Qw==

"@esbuild/android-x64@0.17.18":
  version "0.17.18"
  resolved "https://repo.huaweicloud.com/repository/npm/@esbuild/android-x64/-/android-x64-0.17.18.tgz#1dcd13f201997c9fe0b204189d3a0da4eb4eb9b6"
  integrity sha512-x+0efYNBF3NPW2Xc5bFOSFW7tTXdAcpfEg2nXmxegm4mJuVeS+i109m/7HMiOQ6M12aVGGFlqJX3RhNdYM2lWg==

"@esbuild/darwin-arm64@0.17.18":
  version "0.17.18"
  resolved "https://repo.huaweicloud.com/repository/npm/@esbuild/darwin-arm64/-/darwin-arm64-0.17.18.tgz#444f3b961d4da7a89eb9bd35cfa4415141537c2a"
  integrity sha512-6tY+djEAdF48M1ONWnQb1C+6LiXrKjmqjzPNPWXhu/GzOHTHX2nh8Mo2ZAmBFg0kIodHhciEgUBtcYCAIjGbjQ==

"@esbuild/darwin-x64@0.17.18":
  version "0.17.18"
  resolved "https://repo.huaweicloud.com/repository/npm/@esbuild/darwin-x64/-/darwin-x64-0.17.18.tgz#a6da308d0ac8a498c54d62e0b2bfb7119b22d315"
  integrity sha512-Qq84ykvLvya3dO49wVC9FFCNUfSrQJLbxhoQk/TE1r6MjHo3sFF2tlJCwMjhkBVq3/ahUisj7+EpRSz0/+8+9A==

"@esbuild/freebsd-arm64@0.17.18":
  version "0.17.18"
  resolved "https://repo.huaweicloud.com/repository/npm/@esbuild/freebsd-arm64/-/freebsd-arm64-0.17.18.tgz#b83122bb468889399d0d63475d5aea8d6829c2c2"
  integrity sha512-fw/ZfxfAzuHfaQeMDhbzxp9mc+mHn1Y94VDHFHjGvt2Uxl10mT4CDavHm+/L9KG441t1QdABqkVYwakMUeyLRA==

"@esbuild/freebsd-x64@0.17.18":
  version "0.17.18"
  resolved "https://repo.huaweicloud.com/repository/npm/@esbuild/freebsd-x64/-/freebsd-x64-0.17.18.tgz#af59e0e03fcf7f221b34d4c5ab14094862c9c864"
  integrity sha512-FQFbRtTaEi8ZBi/A6kxOC0V0E9B/97vPdYjY9NdawyLd4Qk5VD5g2pbWN2VR1c0xhzcJm74HWpObPszWC+qTew==

"@esbuild/linux-arm64@0.17.18":
  version "0.17.18"
  resolved "https://repo.huaweicloud.com/repository/npm/@esbuild/linux-arm64/-/linux-arm64-0.17.18.tgz#8551d72ba540c5bce4bab274a81c14ed01eafdcf"
  integrity sha512-R7pZvQZFOY2sxUG8P6A21eq6q+eBv7JPQYIybHVf1XkQYC+lT7nDBdC7wWKTrbvMXKRaGudp/dzZCwL/863mZQ==

"@esbuild/linux-arm@0.17.18":
  version "0.17.18"
  resolved "https://repo.huaweicloud.com/repository/npm/@esbuild/linux-arm/-/linux-arm-0.17.18.tgz#e09e76e526df4f665d4d2720d28ff87d15cdf639"
  integrity sha512-jW+UCM40LzHcouIaqv3e/oRs0JM76JfhHjCavPxMUti7VAPh8CaGSlS7cmyrdpzSk7A+8f0hiedHqr/LMnfijg==

"@esbuild/linux-ia32@0.17.18":
  version "0.17.18"
  resolved "https://repo.huaweicloud.com/repository/npm/@esbuild/linux-ia32/-/linux-ia32-0.17.18.tgz#47878860ce4fe73a36fd8627f5647bcbbef38ba4"
  integrity sha512-ygIMc3I7wxgXIxk6j3V00VlABIjq260i967Cp9BNAk5pOOpIXmd1RFQJQX9Io7KRsthDrQYrtcx7QCof4o3ZoQ==

"@esbuild/linux-loong64@0.17.18":
  version "0.17.18"
  resolved "https://repo.huaweicloud.com/repository/npm/@esbuild/linux-loong64/-/linux-loong64-0.17.18.tgz#3f8fbf5267556fc387d20b2e708ce115de5c967a"
  integrity sha512-bvPG+MyFs5ZlwYclCG1D744oHk1Pv7j8psF5TfYx7otCVmcJsEXgFEhQkbhNW8otDHL1a2KDINW20cfCgnzgMQ==

"@esbuild/linux-mips64el@0.17.18":
  version "0.17.18"
  resolved "https://repo.huaweicloud.com/repository/npm/@esbuild/linux-mips64el/-/linux-mips64el-0.17.18.tgz#9d896d8f3c75f6c226cbeb840127462e37738226"
  integrity sha512-oVqckATOAGuiUOa6wr8TXaVPSa+6IwVJrGidmNZS1cZVx0HqkTMkqFGD2HIx9H1RvOwFeWYdaYbdY6B89KUMxA==

"@esbuild/linux-ppc64@0.17.18":
  version "0.17.18"
  resolved "https://repo.huaweicloud.com/repository/npm/@esbuild/linux-ppc64/-/linux-ppc64-0.17.18.tgz#3d9deb60b2d32c9985bdc3e3be090d30b7472783"
  integrity sha512-3dLlQO+b/LnQNxgH4l9rqa2/IwRJVN9u/bK63FhOPB4xqiRqlQAU0qDU3JJuf0BmaH0yytTBdoSBHrb2jqc5qQ==

"@esbuild/linux-riscv64@0.17.18":
  version "0.17.18"
  resolved "https://repo.huaweicloud.com/repository/npm/@esbuild/linux-riscv64/-/linux-riscv64-0.17.18.tgz#8a943cf13fd24ff7ed58aefb940ef178f93386bc"
  integrity sha512-/x7leOyDPjZV3TcsdfrSI107zItVnsX1q2nho7hbbQoKnmoeUWjs+08rKKt4AUXju7+3aRZSsKrJtaRmsdL1xA==

"@esbuild/linux-s390x@0.17.18":
  version "0.17.18"
  resolved "https://repo.huaweicloud.com/repository/npm/@esbuild/linux-s390x/-/linux-s390x-0.17.18.tgz#66cb01f4a06423e5496facabdce4f7cae7cb80e5"
  integrity sha512-cX0I8Q9xQkL/6F5zWdYmVf5JSQt+ZfZD2bJudZrWD+4mnUvoZ3TDDXtDX2mUaq6upMFv9FlfIh4Gfun0tbGzuw==

"@esbuild/linux-x64@0.17.18":
  version "0.17.18"
  resolved "https://repo.huaweicloud.com/repository/npm/@esbuild/linux-x64/-/linux-x64-0.17.18.tgz#23c26050c6c5d1359c7b774823adc32b3883b6c9"
  integrity sha512-66RmRsPlYy4jFl0vG80GcNRdirx4nVWAzJmXkevgphP1qf4dsLQCpSKGM3DUQCojwU1hnepI63gNZdrr02wHUA==

"@esbuild/netbsd-x64@0.17.18":
  version "0.17.18"
  resolved "https://repo.huaweicloud.com/repository/npm/@esbuild/netbsd-x64/-/netbsd-x64-0.17.18.tgz#789a203d3115a52633ff6504f8cbf757f15e703b"
  integrity sha512-95IRY7mI2yrkLlTLb1gpDxdC5WLC5mZDi+kA9dmM5XAGxCME0F8i4bYH4jZreaJ6lIZ0B8hTrweqG1fUyW7jbg==

"@esbuild/openbsd-x64@0.17.18":
  version "0.17.18"
  resolved "https://repo.huaweicloud.com/repository/npm/@esbuild/openbsd-x64/-/openbsd-x64-0.17.18.tgz#d7b998a30878f8da40617a10af423f56f12a5e90"
  integrity sha512-WevVOgcng+8hSZ4Q3BKL3n1xTv5H6Nb53cBrtzzEjDbbnOmucEVcZeGCsCOi9bAOcDYEeBZbD2SJNBxlfP3qiA==

"@esbuild/sunos-x64@0.17.18":
  version "0.17.18"
  resolved "https://repo.huaweicloud.com/repository/npm/@esbuild/sunos-x64/-/sunos-x64-0.17.18.tgz#ecad0736aa7dae07901ba273db9ef3d3e93df31f"
  integrity sha512-Rzf4QfQagnwhQXVBS3BYUlxmEbcV7MY+BH5vfDZekU5eYpcffHSyjU8T0xucKVuOcdCsMo+Ur5wmgQJH2GfNrg==

"@esbuild/win32-arm64@0.17.18":
  version "0.17.18"
  resolved "https://repo.huaweicloud.com/repository/npm/@esbuild/win32-arm64/-/win32-arm64-0.17.18.tgz#58dfc177da30acf956252d7c8ae9e54e424887c4"
  integrity sha512-Kb3Ko/KKaWhjeAm2YoT/cNZaHaD1Yk/pa3FTsmqo9uFh1D1Rfco7BBLIPdDOozrObj2sahslFuAQGvWbgWldAg==

"@esbuild/win32-ia32@0.17.18":
  version "0.17.18"
  resolved "https://repo.huaweicloud.com/repository/npm/@esbuild/win32-ia32/-/win32-ia32-0.17.18.tgz#340f6163172b5272b5ae60ec12c312485f69232b"
  integrity sha512-0/xUMIdkVHwkvxfbd5+lfG7mHOf2FRrxNbPiKWg9C4fFrB8H0guClmaM3BFiRUYrznVoyxTIyC/Ou2B7QQSwmw==

"@esbuild/win32-x64@0.17.18":
  version "0.17.18"
  resolved "https://repo.huaweicloud.com/repository/npm/@esbuild/win32-x64/-/win32-x64-0.17.18.tgz"
  integrity sha512-qU25Ma1I3NqTSHJUOKi9sAH1/Mzuvlke0ioMJRthLXKm7JiSKVwFghlGbDLOO2sARECGhja4xYfRAZNPAkooYg==

"@juggle/resize-observer@^3.3.1":
  version "3.4.0"
  resolved "https://repo.huaweicloud.com/repository/npm/@juggle/resize-observer/-/resize-observer-3.4.0.tgz#08d6c5e20cf7e4cc02fd181c4b0c225cd31dbb60"
  integrity sha512-dfLbk+PwWvFzSxwk3n5ySL0hfBog779o8h68wK/7/APo/7cgyWp5jcXockbxdk5kFRkbeXWm4Fbi9FrdN381sA==

"@types/katex@^0.14.0":
  version "0.14.0"
  resolved "https://repo.huaweicloud.com/repository/npm/@types/katex/-/katex-0.14.0.tgz#b84c0afc3218069a5ad64fe2a95321881021b5fe"
  integrity sha512-+2FW2CcT0K3P+JMR8YG846bmDwplKUTsWgT2ENwdQ1UdVfRk3GQrh6Mi4sTopy30gI8Uau5CEqHTDZ6YvWIUPA==

"@types/lodash-es@^4.17.6":
  version "4.17.7"
  resolved "https://repo.huaweicloud.com/repository/npm/@types/lodash-es/-/lodash-es-4.17.7.tgz#22edcae9f44aff08546e71db8925f05b33c7cc40"
  integrity sha512-z0ptr6UI10VlU6l5MYhGwS4mC8DZyYer2mCoyysZtSF7p26zOX8UpbrV0YpNYLGS8K4PUFIyEr62IMFFjveSiQ==
  dependencies:
    "@types/lodash" "*"

"@types/lodash@*", "@types/lodash@^4.14.181":
  version "4.14.194"
  resolved "https://repo.huaweicloud.com/repository/npm/@types/lodash/-/lodash-4.14.194.tgz#b71eb6f7a0ff11bff59fc987134a093029258a76"
  integrity sha512-r22s9tAS7imvBt2lyHC9B8AGwWnXaYb1tY09oyLkXDs4vArpYJzw09nj8MLx5VfciBPGIb+ZwG0ssYnEPJxn/g==

"@types/node@^18.16.3":
  version "18.16.3"
  resolved "https://repo.huaweicloud.com/repository/npm/@types/node/-/node-18.16.3.tgz"
  integrity sha512-OPs5WnnT1xkCBiuQrZA4+YAV4HEJejmHneyraIaxsbev5yCEr6KMwINNFP9wQeFIw8FWcoTqF3vQsa5CDaI+8Q==

"@types/node@~14.14.31":
  version "14.14.45"
  resolved "https://repo.huaweicloud.com/repository/npm/@types/node/-/node-14.14.45.tgz#ec2dfb5566ff814d061aef7e141575aedba245cf"
  integrity sha512-DssMqTV9UnnoxDWu959sDLZzfvqCF0qDNRjaWeYSui9xkFe61kKo4l1TWNTQONpuXEm+gLMRvdlzvNHBamzmEw==

"@vicons/ionicons5@^0.12.0":
  version "0.12.0"
  resolved "https://repo.huaweicloud.com/repository/npm/@vicons/ionicons5/-/ionicons5-0.12.0.tgz#c39fda04420dfae3b58053faf8aaf3555253299d"
  integrity sha512-Iy1EUVRpX0WWxeu1VIReR1zsZLMc4fqpt223czR+Rpnrwu7pt46nbnC2ycO7ItI/uqDLJxnbcMC7FujKs9IfFA==

"@vicons/utils@^0.1.4":
  version "0.1.4"
  resolved "https://repo.huaweicloud.com/repository/npm/@vicons/utils/-/utils-0.1.4.tgz#accea9226ff0078ebd80d00dcb63ef5e74b210ff"
  integrity sha512-OHI19qVNN6i+uPQ+Y3f2s0dUxwsYnOCcKBW7XOU4yXXO1aU3ZoKpblCc3+4N0qmgoJs5rWKRAaMisipqEXJwAg==
  dependencies:
    "@xicons/utils" "^0.1.4"

"@vitejs/plugin-vue@^4.1.0":
  version "4.2.1"
  resolved "https://repo.huaweicloud.com/repository/npm/@vitejs/plugin-vue/-/plugin-vue-4.2.1.tgz"
  integrity sha512-ZTZjzo7bmxTRTkb8GSTwkPOYDIP7pwuyV+RV53c9PYUouwcbkIZIvWvNWlX2b1dYZqtOv7D6iUAnJLVNGcLrSw==

"@volar/language-core@1.4.1":
  version "1.4.1"
  resolved "https://repo.huaweicloud.com/repository/npm/@volar/language-core/-/language-core-1.4.1.tgz"
  integrity sha512-EIY+Swv+TjsWpxOxujjMf1ZXqOjg9MT2VMXZ+1dKva0wD8W0L6EtptFFcCJdBbcKmGMFkr57Qzz9VNMWhs3jXQ==
  dependencies:
    "@volar/source-map" "1.4.1"

"@volar/source-map@1.4.1":
  version "1.4.1"
  resolved "https://repo.huaweicloud.com/repository/npm/@volar/source-map/-/source-map-1.4.1.tgz"
  integrity sha512-bZ46ad72dsbzuOWPUtJjBXkzSQzzSejuR3CT81+GvTEI2E994D8JPXzM3tl98zyCNnjgs4OkRyliImL1dvJ5BA==
  dependencies:
    muggle-string "^0.2.2"

"@volar/typescript@1.4.1":
  version "1.4.1"
  resolved "https://repo.huaweicloud.com/repository/npm/@volar/typescript/-/typescript-1.4.1.tgz"
  integrity sha512-phTy6p9yG6bgMIKQWEeDOi/aeT0njZsb1a/G1mrEuDsLmAn24Le4gDwSsGNhea6Uhu+3gdpUZn2PmZXa+WG2iQ==
  dependencies:
    "@volar/language-core" "1.4.1"

"@volar/vue-language-core@1.6.1":
  version "1.6.1"
  resolved "https://repo.huaweicloud.com/repository/npm/@volar/vue-language-core/-/vue-language-core-1.6.1.tgz"
  integrity sha512-lIuxzvIx5U8MfoF+vrXNG1aZgmk8T0uyPEwI8g3EUJdESuU0qIKM84o+L4TUw77IQCYXiSefaJmsSSY87/VWnA==
  dependencies:
    "@volar/language-core" "1.4.1"
    "@volar/source-map" "1.4.1"
    "@vue/compiler-dom" "^3.2.0"
    "@vue/compiler-sfc" "^3.2.0"
    "@vue/reactivity" "^3.2.0"
    "@vue/shared" "^3.2.0"
    minimatch "^9.0.0"
    muggle-string "^0.2.2"
    vue-template-compiler "^2.7.14"

"@volar/vue-typescript@1.6.1":
  version "1.6.1"
  resolved "https://repo.huaweicloud.com/repository/npm/@volar/vue-typescript/-/vue-typescript-1.6.1.tgz"
  integrity sha512-5mhG6Lv2niq/AGNvHy4RSAGlJhkR+EcH7zRQ19JlffzhWDVXEdDp8luSSabCkrJzejXIMh0rsTGlKy2EFYy7vQ==
  dependencies:
    "@volar/typescript" "1.4.1"
    "@volar/vue-language-core" "1.6.1"

"@vue/compiler-core@3.2.47":
  version "3.2.47"
  resolved "https://repo.huaweicloud.com/repository/npm/@vue/compiler-core/-/compiler-core-3.2.47.tgz"
  integrity sha512-p4D7FDnQb7+YJmO2iPEv0SQNeNzcbHdGByJDsT4lynf63AFkOTFN07HsiRSvjGo0QrxR/o3d0hUyNCUnBU2Tig==
  dependencies:
    "@babel/parser" "^7.16.4"
    "@vue/shared" "3.2.47"
    estree-walker "^2.0.2"
    source-map "^0.6.1"

"@vue/compiler-dom@3.2.47", "@vue/compiler-dom@^3.2.0":
  version "3.2.47"
  resolved "https://repo.huaweicloud.com/repository/npm/@vue/compiler-dom/-/compiler-dom-3.2.47.tgz"
  integrity sha512-dBBnEHEPoftUiS03a4ggEig74J2YBZ2UIeyfpcRM2tavgMWo4bsEfgCGsu+uJIL/vax9S+JztH8NmQerUo7shQ==
  dependencies:
    "@vue/compiler-core" "3.2.47"
    "@vue/shared" "3.2.47"

"@vue/compiler-sfc@3.2.47", "@vue/compiler-sfc@^3.2.0":
  version "3.2.47"
  resolved "https://repo.huaweicloud.com/repository/npm/@vue/compiler-sfc/-/compiler-sfc-3.2.47.tgz"
  integrity sha512-rog05W+2IFfxjMcFw10tM9+f7i/+FFpZJJ5XHX72NP9eC2uRD+42M3pYcQqDXVYoj74kHMSEdQ/WmCjt8JFksQ==
  dependencies:
    "@babel/parser" "^7.16.4"
    "@vue/compiler-core" "3.2.47"
    "@vue/compiler-dom" "3.2.47"
    "@vue/compiler-ssr" "3.2.47"
    "@vue/reactivity-transform" "3.2.47"
    "@vue/shared" "3.2.47"
    estree-walker "^2.0.2"
    magic-string "^0.25.7"
    postcss "^8.1.10"
    source-map "^0.6.1"

"@vue/compiler-ssr@3.2.47":
  version "3.2.47"
  resolved "https://repo.huaweicloud.com/repository/npm/@vue/compiler-ssr/-/compiler-ssr-3.2.47.tgz"
  integrity sha512-wVXC+gszhulcMD8wpxMsqSOpvDZ6xKXSVWkf50Guf/S+28hTAXPDYRTbLQ3EDkOP5Xz/+SY37YiwDquKbJOgZw==
  dependencies:
    "@vue/compiler-dom" "3.2.47"
    "@vue/shared" "3.2.47"

"@vue/devtools-api@^6.4.5", "@vue/devtools-api@^6.5.0":
  version "6.5.0"
  resolved "https://repo.huaweicloud.com/repository/npm/@vue/devtools-api/-/devtools-api-6.5.0.tgz#98b99425edee70b4c992692628fa1ea2c1e57d07"
  integrity sha512-o9KfBeaBmCKl10usN4crU53fYtC1r7jJwdGKjPT24t348rHxgfpZ0xL3Xm/gLUYnc0oTp8LAmrxOeLyu6tbk2Q==

"@vue/reactivity-transform@3.2.47":
  version "3.2.47"
  resolved "https://repo.huaweicloud.com/repository/npm/@vue/reactivity-transform/-/reactivity-transform-3.2.47.tgz"
  integrity sha512-m8lGXw8rdnPVVIdIFhf0LeQ/ixyHkH5plYuS83yop5n7ggVJU+z5v0zecwEnX7fa7HNLBhh2qngJJkxpwEEmYA==
  dependencies:
    "@babel/parser" "^7.16.4"
    "@vue/compiler-core" "3.2.47"
    "@vue/shared" "3.2.47"
    estree-walker "^2.0.2"
    magic-string "^0.25.7"

"@vue/reactivity@3.2.47", "@vue/reactivity@^3.2.0":
  version "3.2.47"
  resolved "https://repo.huaweicloud.com/repository/npm/@vue/reactivity/-/reactivity-3.2.47.tgz"
  integrity sha512-7khqQ/75oyyg+N/e+iwV6lpy1f5wq759NdlS1fpAhFXa8VeAIKGgk2E/C4VF59lx5b+Ezs5fpp/5WsRYXQiKxQ==
  dependencies:
    "@vue/shared" "3.2.47"

"@vue/runtime-core@3.2.47":
  version "3.2.47"
  resolved "https://repo.huaweicloud.com/repository/npm/@vue/runtime-core/-/runtime-core-3.2.47.tgz"
  integrity sha512-RZxbLQIRB/K0ev0K9FXhNbBzT32H9iRtYbaXb0ZIz2usLms/D55dJR2t6cIEUn6vyhS3ALNvNthI+Q95C+NOpA==
  dependencies:
    "@vue/reactivity" "3.2.47"
    "@vue/shared" "3.2.47"

"@vue/runtime-dom@3.2.47":
  version "3.2.47"
  resolved "https://repo.huaweicloud.com/repository/npm/@vue/runtime-dom/-/runtime-dom-3.2.47.tgz"
  integrity sha512-ArXrFTjS6TsDei4qwNvgrdmHtD930KgSKGhS5M+j8QxXrDJYLqYw4RRcDy1bz1m1wMmb6j+zGLifdVHtkXA7gA==
  dependencies:
    "@vue/runtime-core" "3.2.47"
    "@vue/shared" "3.2.47"
    csstype "^2.6.8"

"@vue/server-renderer@3.2.47":
  version "3.2.47"
  resolved "https://repo.huaweicloud.com/repository/npm/@vue/server-renderer/-/server-renderer-3.2.47.tgz"
  integrity sha512-dN9gc1i8EvmP9RCzvneONXsKfBRgqFeFZLurmHOveL7oH6HiFXJw5OGu294n1nHc/HMgTy6LulU/tv5/A7f/LA==
  dependencies:
    "@vue/compiler-ssr" "3.2.47"
    "@vue/shared" "3.2.47"

"@vue/shared@3.2.47", "@vue/shared@^3.2.0":
  version "3.2.47"
  resolved "https://repo.huaweicloud.com/repository/npm/@vue/shared/-/shared-3.2.47.tgz"
  integrity sha512-BHGyyGN3Q97EZx0taMQ+OLNuZcW3d37ZEVmEAyeoA9ERdGvm9Irc/0Fua8SNyOtV1w6BS4q25wbMzJujO9HIfQ==

"@xicons/utils@^0.1.4":
  version "0.1.4"
  resolved "https://repo.huaweicloud.com/repository/npm/@xicons/utils/-/utils-0.1.4.tgz#cece50613b34d4b4c71e73bb0be92981067e11e1"
  integrity sha512-uXxKDLz9abr80yJC05XSTq6wlyFcdW+N/1IYJkeHjzzXVc4VQ0sEYMoMMTjAH7HQBOyOkzOB4pf5NGF72lwa8Q==
  dependencies:
    css-render "^0.13.2"

anymatch@~3.1.2:
  version "3.1.3"
  resolved "https://repo.huaweicloud.com/repository/npm/anymatch/-/anymatch-3.1.3.tgz#790c58b19ba1720a84205b57c618d5ad8524973e"
  integrity sha512-KMReFUr0B4t+D+OBkjR3KYqvocp2XaSzO55UcB6mgQMd3KbcE+mWTyvVV7D/zsdEbNnV6acZUutkiHQXvTr1Rw==
  dependencies:
    normalize-path "^3.0.0"
    picomatch "^2.0.4"

async-validator@^4.0.7:
  version "4.2.5"
  resolved "https://repo.huaweicloud.com/repository/npm/async-validator/-/async-validator-4.2.5.tgz#c96ea3332a521699d0afaaceed510a54656c6339"
  integrity sha512-7HhHjtERjqlNbZtqNqy2rckN/SpOOlmDliet+lP7k+eKZEjPk3DgyeU9lIXLdeLz0uBbbVp+9Qdow9wJWgwwfg==

asynckit@^0.4.0:
  version "0.4.0"
  resolved "https://repo.huaweicloud.com/repository/npm/asynckit/-/asynckit-0.4.0.tgz#c79ed97f7f34cb8f2ba1bc9790bcc366474b4b79"
  integrity sha512-Oei9OH4tRh0YqU3GxhX79dM/mwVgvbZJaSNaRk+bshkj0S5cfHcgYakreBjrHwatXKbz+IoIdYLxrKim2MjW0Q==

axios@^1.4.0:
  version "1.4.0"
  resolved "https://repo.huaweicloud.com/repository/npm/axios/-/axios-1.4.0.tgz#38a7bf1224cd308de271146038b551d725f0be1f"
  integrity sha512-S4XCWMEmzvo64T9GfvQDOXgYRDJ/wsSZc7Jvdgx5u1sd0JwsuPLqb3SYmusag+edF6ziyMensPVqLTSc1PiSEA==
  dependencies:
    follow-redirects "^1.15.0"
    form-data "^4.0.0"
    proxy-from-env "^1.1.0"

balanced-match@^1.0.0:
  version "1.0.2"
  resolved "https://repo.huaweicloud.com/repository/npm/balanced-match/-/balanced-match-1.0.2.tgz"
  integrity sha512-3oSeUO0TMV67hN1AmbXsK4yaqU7tjiHlbxRDZOpH0KW9+CeX4bRAaX0Anxt0tx2MrpRpWwQaPwIlISEJhYU5Pw==

binary-extensions@^2.0.0:
  version "2.2.0"
  resolved "https://repo.huaweicloud.com/repository/npm/binary-extensions/-/binary-extensions-2.2.0.tgz#75f502eeaf9ffde42fc98829645be4ea76bd9e2d"
  integrity sha512-jDctJ/IVQbZoJykoeHbhXpOlNBqGNcwXJKJog42E5HDPUwQTSdjCHdihjj0DlnheQ7blbT6dHOafNAiS8ooQKA==

brace-expansion@^2.0.1:
  version "2.0.1"
  resolved "https://repo.huaweicloud.com/repository/npm/brace-expansion/-/brace-expansion-2.0.1.tgz"
  integrity sha512-XnAIvQ8eM+kC6aULx6wuQiwVsnzsi9d3WxzV3FpWTGA19F621kwdbsAcFKXgKUHZWsy+mY6iL1sHTxWEFCytDA==
  dependencies:
    balanced-match "^1.0.0"

braces@~3.0.2:
  version "3.0.2"
  resolved "https://repo.huaweicloud.com/repository/npm/braces/-/braces-3.0.2.tgz#3454e1a462ee8d599e236df336cd9ea4f8afe107"
  integrity sha512-b8um+L1RzM3WDSzvhm6gIz1yfTbBt6YTlcEKAvsmqCZZFw46z626lVj9j1yEPW33H5H+lBQpZMP1k8l+78Ha0A==
  dependencies:
    fill-range "^7.0.1"

"chokidar@>=3.0.0 <4.0.0":
  version "3.5.3"
  resolved "https://repo.huaweicloud.com/repository/npm/chokidar/-/chokidar-3.5.3.tgz#1cf37c8707b932bd1af1ae22c0432e2acd1903bd"
  integrity sha512-Dr3sfKRP6oTcjf2JmUmFJfeVMvXBdegxB0iVQ5eb2V10uFJUCAS8OByZdVAyVb8xXNz3GjjTgj9kLWsZTqE6kw==
  dependencies:
    anymatch "~3.1.2"
    braces "~3.0.2"
    glob-parent "~5.1.2"
    is-binary-path "~2.1.0"
    is-glob "~4.0.1"
    normalize-path "~3.0.0"
    readdirp "~3.6.0"
  optionalDependencies:
    fsevents "~2.3.2"

combined-stream@^1.0.8:
  version "1.0.8"
  resolved "https://repo.huaweicloud.com/repository/npm/combined-stream/-/combined-stream-1.0.8.tgz#c3d45a8b34fd730631a110a8a2520682b31d5a7f"
  integrity sha512-FQN4MRfuJeHf7cBbBMJFXhKSDq+2kAArBlmRBvcvFE5BB1HZKXtSFASDhdlz9zOYwxh8lDdnvmMOe/+5cdoEdg==
  dependencies:
    delayed-stream "~1.0.0"

css-render@^0.13.2:
  version "0.13.9"
  resolved "https://repo.huaweicloud.com/repository/npm/css-render/-/css-render-0.13.9.tgz#56f28c180a83a10ec610a12a9ad9fec087ac9dc1"
  integrity sha512-n3C4ZH59rveBrUlAD7n0Ze9/gUMKa4dlH1C9CWKpGcIHR/xRcIVXzBGy1iw8WWq2ySmn2/ZqOpySQNAK5Pb6sw==
  dependencies:
    "@emotion/hash" "~0.8.0"
    "@types/node" "~14.14.31"
    csstype "~3.0.5"

css-render@^0.15.10:
  version "0.15.12"
  resolved "https://repo.huaweicloud.com/repository/npm/css-render/-/css-render-0.15.12.tgz#76be94066897bd3231a9b9412971ffc258ada66e"
  integrity sha512-eWzS66patiGkTTik+ipO9qNGZ+uNuGyTmnz6/+EJIiFg8+3yZRpnMwgFo8YdXhQRsiePzehnusrxVvugNjXzbw==
  dependencies:
    "@emotion/hash" "~0.8.0"
    csstype "~3.0.5"

csstype@^2.6.8:
  version "2.6.21"
  resolved "https://repo.huaweicloud.com/repository/npm/csstype/-/csstype-2.6.21.tgz"
  integrity sha512-Z1PhmomIfypOpoMjRQB70jfvy/wxT50qW08YXO5lMIJkrdq4yOTR+AW7FqutScmB9NkLwxo+jU+kZLbofZZq/w==

csstype@~3.0.5:
  version "3.0.11"
  resolved "https://repo.huaweicloud.com/repository/npm/csstype/-/csstype-3.0.11.tgz#d66700c5eacfac1940deb4e3ee5642792d85cd33"
  integrity sha512-sa6P2wJ+CAbgyy4KFssIb/JNMLxFvKF1pCYCSXS8ZMuqZnMsrxqI2E5sPyoTpxoPU/gVZMzr2zjOfg8GIZOMsw==

date-fns-tz@^1.3.3:
  version "1.3.8"
  resolved "https://repo.huaweicloud.com/repository/npm/date-fns-tz/-/date-fns-tz-1.3.8.tgz#083e3a4e1f19b7857fa0c18deea6c2bc46ded7b9"
  integrity sha512-qwNXUFtMHTTU6CFSFjoJ80W8Fzzp24LntbjFFBgL/faqds4e5mo9mftoRLgr3Vi1trISsg4awSpYVsOQCRnapQ==

date-fns@^2.28.0:
  version "2.29.3"
  resolved "https://repo.huaweicloud.com/repository/npm/date-fns/-/date-fns-2.29.3.tgz#27402d2fc67eb442b511b70bbdf98e6411cd68a8"
  integrity sha512-dDCnyH2WnnKusqvZZ6+jA1O51Ibt8ZMRNkDZdyAyK4YfbDwa/cEmuztzG5pk6hqlp9aSBPYcjOlktquahGwGeA==

de-indent@^1.0.2:
  version "1.0.2"
  resolved "https://repo.huaweicloud.com/repository/npm/de-indent/-/de-indent-1.0.2.tgz"
  integrity sha512-e/1zu3xH5MQryN2zdVaF0OrdNLUbvWxzMbi+iNA6Bky7l1RoP8a2fIbRocyHclXt/arDrrR6lL3TqFD9pMQTsg==

delayed-stream@~1.0.0:
  version "1.0.0"
  resolved "https://repo.huaweicloud.com/repository/npm/delayed-stream/-/delayed-stream-1.0.0.tgz#df3ae199acadfb7d440aaae0b29e2272b24ec619"
  integrity sha512-ZySD7Nf91aLB0RxL4KGrKHBXl7Eds1DAmEdcoVawXnLD7SDhpNgtuII2aAkg7a7QS41jxPSZ17p4VdGnMHk3MQ==

esbuild@^0.17.5:
  version "0.17.18"
  resolved "https://repo.huaweicloud.com/repository/npm/esbuild/-/esbuild-0.17.18.tgz"
  integrity sha512-z1lix43jBs6UKjcZVKOw2xx69ffE2aG0PygLL5qJ9OS/gy0Ewd1gW/PUQIOIQGXBHWNywSc0floSKoMFF8aK2w==
  optionalDependencies:
    "@esbuild/android-arm" "0.17.18"
    "@esbuild/android-arm64" "0.17.18"
    "@esbuild/android-x64" "0.17.18"
    "@esbuild/darwin-arm64" "0.17.18"
    "@esbuild/darwin-x64" "0.17.18"
    "@esbuild/freebsd-arm64" "0.17.18"
    "@esbuild/freebsd-x64" "0.17.18"
    "@esbuild/linux-arm" "0.17.18"
    "@esbuild/linux-arm64" "0.17.18"
    "@esbuild/linux-ia32" "0.17.18"
    "@esbuild/linux-loong64" "0.17.18"
    "@esbuild/linux-mips64el" "0.17.18"
    "@esbuild/linux-ppc64" "0.17.18"
    "@esbuild/linux-riscv64" "0.17.18"
    "@esbuild/linux-s390x" "0.17.18"
    "@esbuild/linux-x64" "0.17.18"
    "@esbuild/netbsd-x64" "0.17.18"
    "@esbuild/openbsd-x64" "0.17.18"
    "@esbuild/sunos-x64" "0.17.18"
    "@esbuild/win32-arm64" "0.17.18"
    "@esbuild/win32-ia32" "0.17.18"
    "@esbuild/win32-x64" "0.17.18"

estree-walker@^2.0.2:
  version "2.0.2"
  resolved "https://repo.huaweicloud.com/repository/npm/estree-walker/-/estree-walker-2.0.2.tgz"
  integrity sha512-Rfkk/Mp/DL7JVje3u18FxFujQlTNR2q6QfMSMB7AvCBx91NGj/ba3kCfza0f6dVDbw7YlRf/nDrn7pQrCCyQ/w==

evtd@^0.2.2, evtd@^0.2.4:
  version "0.2.4"
  resolved "https://repo.huaweicloud.com/repository/npm/evtd/-/evtd-0.2.4.tgz#0aac39ba44d6926e6668948ac27618e0795b9d07"
  integrity sha512-qaeGN5bx63s/AXgQo8gj6fBkxge+OoLddLniox5qtLAEY5HSnuSlISXVPxnSae1dWblvTh4/HoMIB+mbMsvZzw==

fill-range@^7.0.1:
  version "7.0.1"
  resolved "https://repo.huaweicloud.com/repository/npm/fill-range/-/fill-range-7.0.1.tgz#1919a6a7c75fe38b2c7c77e5198535da9acdda40"
  integrity sha512-qOo9F+dMUmC2Lcb4BbVvnKJxTPjCm+RRpe4gDuGrzkL7mEVl/djYSu2OdQ2Pa302N4oqkSg9ir6jaLWJ2USVpQ==
  dependencies:
    to-regex-range "^5.0.1"

follow-redirects@^1.15.0:
  version "1.15.2"
  resolved "https://repo.huaweicloud.com/repository/npm/follow-redirects/-/follow-redirects-1.15.2.tgz#b460864144ba63f2681096f274c4e57026da2c13"
  integrity sha512-VQLG33o04KaQ8uYi2tVNbdrWp1QWxNNea+nmIB4EVM28v0hmP17z7aG1+wAkNzVq4KeXTq3221ye5qTJP91JwA==

form-data@^4.0.0:
  version "4.0.0"
  resolved "https://repo.huaweicloud.com/repository/npm/form-data/-/form-data-4.0.0.tgz#93919daeaf361ee529584b9b31664dc12c9fa452"
  integrity sha512-ETEklSGi5t0QMZuiXoA/Q6vcnxcLQP5vdugSpuAyi6SVGi2clPPp+xgEhuMaHC+zGgn31Kd235W35f7Hykkaww==
  dependencies:
    asynckit "^0.4.0"
    combined-stream "^1.0.8"
    mime-types "^2.1.12"

fsevents@~2.3.2:
  version "2.3.2"
  resolved "https://repo.huaweicloud.com/repository/npm/fsevents/-/fsevents-2.3.2.tgz#8a526f78b8fdf4623b709e0b975c52c24c02fd1a"
  integrity sha512-xiqMQR4xAeHTuB9uWm+fFRcIOgKBMiOBP+eXiyT7jsgVCq1bkVygt00oASowB7EdtpOHaaPgKt812P9ab+DDKA==

glob-parent@~5.1.2:
  version "5.1.2"
  resolved "https://repo.huaweicloud.com/repository/npm/glob-parent/-/glob-parent-5.1.2.tgz#869832c58034fe68a4093c17dc15e8340d8401c4"
  integrity sha512-AOIgSQCepiJYwP3ARnGx+5VnTu2HBYdzbGP45eLw1vr3zB3vZLeyed1sC9hnbcOc9/SrMyM5RPQrkGz4aS9Zow==
  dependencies:
    is-glob "^4.0.1"

he@^1.2.0:
  version "1.2.0"
  resolved "https://repo.huaweicloud.com/repository/npm/he/-/he-1.2.0.tgz"
  integrity sha512-F/1DnUGPopORZi0ni+CvrCgHQ5FyEAHRLSApuYWMmrbSwoN2Mn/7k+Gl38gJnR7yyDZk6WLXwiGod1JOWNDKGw==

highlight.js@^11.5.0:
  version "11.8.0"
  resolved "https://repo.huaweicloud.com/repository/npm/highlight.js/-/highlight.js-11.8.0.tgz#966518ea83257bae2e7c9a48596231856555bb65"
  integrity sha512-MedQhoqVdr0U6SSnWPzfiadUcDHfN/Wzq25AkXiQv9oiOO/sG0S7XkvpFIqWBl9Yq1UYyYOOVORs5UW2XlPyzg==

immutable@^4.0.0:
  version "4.3.0"
  resolved "https://repo.huaweicloud.com/repository/npm/immutable/-/immutable-4.3.0.tgz#eb1738f14ffb39fd068b1dbe1296117484dd34be"
  integrity sha512-0AOCmOip+xgJwEVTQj1EfiDDOkPmuyllDuTuEX+DDXUgapLAsBIfkg3sxCYyCEA8mQqZrrxPUGjcOQ2JS3WLkg==

is-binary-path@~2.1.0:
  version "2.1.0"
  resolved "https://repo.huaweicloud.com/repository/npm/is-binary-path/-/is-binary-path-2.1.0.tgz#ea1f7f3b80f064236e83470f86c09c254fb45b09"
  integrity sha512-ZMERYes6pDydyuGidse7OsHxtbI7WVeUEozgR/g7rd0xUimYNlvZRE/K2MgZTjWy725IfelLeVcEM97mmtRGXw==
  dependencies:
    binary-extensions "^2.0.0"

is-extglob@^2.1.1:
  version "2.1.1"
  resolved "https://repo.huaweicloud.com/repository/npm/is-extglob/-/is-extglob-2.1.1.tgz#a88c02535791f02ed37c76a1b9ea9773c833f8c2"
  integrity sha512-SbKbANkN603Vi4jEZv49LeVJMn4yGwsbzZworEoyEiutsN3nJYdbO36zfhGJ6QEDpOZIFkDtnq5JRxmvl3jsoQ==

is-glob@^4.0.1, is-glob@~4.0.1:
  version "4.0.3"
  resolved "https://repo.huaweicloud.com/repository/npm/is-glob/-/is-glob-4.0.3.tgz#64f61e42cbbb2eec2071a9dac0b28ba1e65d5084"
  integrity sha512-xelSayHH36ZgE7ZWhli7pW34hNbNl8Ojv5KVmkJD4hBdD3th8Tfk9vYasLM+mXWOZhFkgZfxhLSnrwRr4elSSg==
  dependencies:
    is-extglob "^2.1.1"

is-number@^7.0.0:
  version "7.0.0"
  resolved "https://repo.huaweicloud.com/repository/npm/is-number/-/is-number-7.0.0.tgz#7535345b896734d5f80c4d06c50955527a14f12b"
  integrity sha512-41Cifkg6e8TylSpdtTpeLVMqvSBEVzTttHvERD741+pnZ8ANv0004MRL43QKPDlK9cGvNp6NZWZUBlbGXYxxng==

lodash-es@^4.17.21:
  version "4.17.21"
  resolved "https://repo.huaweicloud.com/repository/npm/lodash-es/-/lodash-es-4.17.21.tgz#43e626c46e6591b7750beb2b50117390c609e3ee"
  integrity sha512-mKnC+QJ9pWVzv+C4/U3rRsHapFfHvQFoFB92e52xeyGMcX6/OlIl78je1u8vePzYZSkkogMPJ2yjxxsb89cxyw==

lodash@^4.17.21:
  version "4.17.21"
  resolved "https://repo.huaweicloud.com/repository/npm/lodash/-/lodash-4.17.21.tgz#679591c564c3bffaae8454cf0b3df370c3d6911c"
  integrity sha512-v2kDEe57lecTulaDIuNTPy3Ry4gLGJ6Z1O3vE1krgXZNrsQ+LFTGHVxVjcXPs17LhbZVGedAJv8XZ1tvj5FvSg==

lru-cache@^6.0.0:
  version "6.0.0"
  resolved "https://repo.huaweicloud.com/repository/npm/lru-cache/-/lru-cache-6.0.0.tgz"
  integrity sha512-Jo6dJ04CmSjuznwJSS3pUeWmd/H0ffTlkXXgwZi+eq1UCmqQwCh+eLsYOYCwY991i2Fah4h1BEMCx4qThGbsiA==
  dependencies:
    yallist "^4.0.0"

magic-string@^0.25.7:
  version "0.25.9"
  resolved "https://repo.huaweicloud.com/repository/npm/magic-string/-/magic-string-0.25.9.tgz"
  integrity sha512-RmF0AsMzgt25qzqqLc1+MbHmhdx0ojF2Fvs4XnOqz2ZOBXzzkEwc/dJQZCYHAn7v1jbVOjAZfK8msRn4BxO4VQ==
  dependencies:
    sourcemap-codec "^1.4.8"

mime-db@1.52.0:
  version "1.52.0"
  resolved "https://repo.huaweicloud.com/repository/npm/mime-db/-/mime-db-1.52.0.tgz#bbabcdc02859f4987301c856e3387ce5ec43bf70"
  integrity sha512-sPU4uV7dYlvtWJxwwxHD0PuihVNiE7TyAbQ5SWxDCB9mUYvOgroQOwYQQOKPJ8CIbE+1ETVlOoK1UC2nU3gYvg==

mime-types@^2.1.12:
  version "2.1.35"
  resolved "https://repo.huaweicloud.com/repository/npm/mime-types/-/mime-types-2.1.35.tgz#381a871b62a734450660ae3deee44813f70d959a"
  integrity sha512-ZDY+bPm5zTTF+YpCrAU9nK0UgICYPT0QtT1NZWFv4s++TNkcgVaT0g6+4R2uI4MjQjzysHB1zxuWL50hzaeXiw==
  dependencies:
    mime-db "1.52.0"

minimatch@^9.0.0:
  version "9.0.0"
  resolved "https://repo.huaweicloud.com/repository/npm/minimatch/-/minimatch-9.0.0.tgz"
  integrity sha512-0jJj8AvgKqWN05mrwuqi8QYKx1WmYSUoKSxu5Qhs9prezTz10sxAHGNZe9J9cqIJzta8DWsleh2KaVaLl6Ru2w==
  dependencies:
    brace-expansion "^2.0.1"

muggle-string@^0.2.2:
  version "0.2.2"
  resolved "https://repo.huaweicloud.com/repository/npm/muggle-string/-/muggle-string-0.2.2.tgz"
  integrity sha512-YVE1mIJ4VpUMqZObFndk9CJu6DBJR/GB13p3tXuNbwD4XExaI5EOuRl6BHeIDxIqXZVxSfAC+y6U1Z/IxCfKUg==

naive-ui@^2.34.3:
  version "2.34.3"
  resolved "https://repo.huaweicloud.com/repository/npm/naive-ui/-/naive-ui-2.34.3.tgz#96fb0717aedd22b6943b947efc7f5cd58e9d29df"
  integrity sha512-fUMr0dzb/iGsOTWgoblPVobY5X5dihQ1eam5dA+H74oyLYAvgX4pL96xQFPBLIYqvyRFBAsN85kHN5pLqdtpxA==
  dependencies:
    "@css-render/plugin-bem" "^0.15.10"
    "@css-render/vue3-ssr" "^0.15.10"
    "@types/katex" "^0.14.0"
    "@types/lodash" "^4.14.181"
    "@types/lodash-es" "^4.17.6"
    async-validator "^4.0.7"
    css-render "^0.15.10"
    date-fns "^2.28.0"
    date-fns-tz "^1.3.3"
    evtd "^0.2.4"
    highlight.js "^11.5.0"
    lodash "^4.17.21"
    lodash-es "^4.17.21"
    seemly "^0.3.6"
    treemate "^0.3.11"
    vdirs "^0.1.8"
    vooks "^0.2.12"
    vueuc "^0.4.47"

nanoid@^3.3.6:
  version "3.3.6"
  resolved "https://repo.huaweicloud.com/repository/npm/nanoid/-/nanoid-3.3.6.tgz"
  integrity sha512-BGcqMMJuToF7i1rt+2PWSNVnWIkGCU78jBG3RxO/bZlnZPK2Cmi2QaffxGO/2RvWi9sL+FAiRiXMgsyxQ1DIDA==

normalize-path@^3.0.0, normalize-path@~3.0.0:
  version "3.0.0"
  resolved "https://repo.huaweicloud.com/repository/npm/normalize-path/-/normalize-path-3.0.0.tgz#0dcd69ff23a1c9b11fd0978316644a0388216a65"
  integrity sha512-6eZs5Ls3WtCisHWp9S2GUy8dqkpGi4BVSz3GaqiE6ezub0512ESztXUwUB6C6IKbQkY2Pnb/mD4WYojCRwcwLA==

picocolors@^1.0.0:
  version "1.0.0"
  resolved "https://repo.huaweicloud.com/repository/npm/picocolors/-/picocolors-1.0.0.tgz"
  integrity sha512-1fygroTLlHu66zi26VoTDv8yRgm0Fccecssto+MhsZ0D/DGW2sm8E8AjW7NU5VVTRt5GxbeZ5qBuJr+HyLYkjQ==

picomatch@^2.0.4, picomatch@^2.2.1:
  version "2.3.1"
  resolved "https://repo.huaweicloud.com/repository/npm/picomatch/-/picomatch-2.3.1.tgz#3ba3833733646d9d3e4995946c1365a67fb07a42"
  integrity sha512-JU3teHTNjmE2VCGFzuY8EXzCDVwEqB2a8fsIvwaStHhAWJEeVd1o1QD80CU6+ZdEXXSLbSsuLwJjkCBWqRQUVA==

pinia@^2.0.35:
  version "2.0.35"
  resolved "https://repo.huaweicloud.com/repository/npm/pinia/-/pinia-2.0.35.tgz#aa2597038bb55ea14ad689f83065d2814ebb8c10"
  integrity sha512-P1IKKQWhxGXiiZ3atOaNI75bYlFUbRxtJdhPLX059Z7+b9Z04rnTZdSY8Aph1LA+/4QEMAYHsTQ638Wfe+6K5g==
  dependencies:
    "@vue/devtools-api" "^6.5.0"
    vue-demi "*"

postcss@^8.1.10, postcss@^8.4.23:
  version "8.4.23"
  resolved "https://repo.huaweicloud.com/repository/npm/postcss/-/postcss-8.4.23.tgz"
  integrity sha512-bQ3qMcpF6A/YjR55xtoTr0jGOlnPOKAIMdOWiv0EIT6HVPEaJiJB4NLljSbiHoC2RX7DN5Uvjtpbg1NPdwv1oA==
  dependencies:
    nanoid "^3.3.6"
    picocolors "^1.0.0"
    source-map-js "^1.0.2"

proxy-from-env@^1.1.0:
  version "1.1.0"
  resolved "https://repo.huaweicloud.com/repository/npm/proxy-from-env/-/proxy-from-env-1.1.0.tgz#e102f16ca355424865755d2c9e8ea4f24d58c3e2"
  integrity sha512-D+zkORCbA9f1tdWRK0RaCR3GPv50cMxcrz4X8k5LTSUD1Dkw47mKJEZQNunItRTkWwgtaUSo1RVFRIG9ZXiFYg==

readdirp@~3.6.0:
  version "3.6.0"
  resolved "https://repo.huaweicloud.com/repository/npm/readdirp/-/readdirp-3.6.0.tgz#74a370bd857116e245b29cc97340cd431a02a6c7"
  integrity sha512-hOS089on8RduqdbhvQ5Z37A0ESjsqz6qnRcffsMU3495FuTdqSm+7bhJ29JvIOsBDEEnan5DPu9t3To9VRlMzA==
  dependencies:
    picomatch "^2.2.1"

rollup@^3.21.0:
  version "3.21.2"
  resolved "https://repo.huaweicloud.com/repository/npm/rollup/-/rollup-3.21.2.tgz"
  integrity sha512-c4vC+JZ3bbF4Kqq2TtM7zSKtSyMybFOjqmomFax3xpfYaPZDZ4iz8NMIuBRMjnXOcKYozw7bC6vhJjiWD6JpzQ==
  optionalDependencies:
    fsevents "~2.3.2"

sass@^1.62.1:
  version "1.62.1"
  resolved "https://repo.huaweicloud.com/repository/npm/sass/-/sass-1.62.1.tgz#caa8d6bf098935bc92fc73fa169fb3790cacd029"
  integrity sha512-NHpxIzN29MXvWiuswfc1W3I0N8SXBd8UR26WntmDlRYf0bSADnwnOjsyMZ3lMezSlArD33Vs3YFhp7dWvL770A==
  dependencies:
    chokidar ">=3.0.0 <4.0.0"
    immutable "^4.0.0"
    source-map-js ">=0.6.2 <2.0.0"

seemly@^0.3.6:
  version "0.3.6"
  resolved "https://repo.huaweicloud.com/repository/npm/seemly/-/seemly-0.3.6.tgz#7ef97e8083dea00804965e2662f572a5df9cb18e"
  integrity sha512-lEV5VB8BUKTo/AfktXJcy+JeXns26ylbMkIUco8CYREsQijuz4mrXres2Q+vMLdwkuLxJdIPQ8IlCIxLYm71Yw==

semver@^7.3.8:
  version "7.5.0"
  resolved "https://repo.huaweicloud.com/repository/npm/semver/-/semver-7.5.0.tgz"
  integrity sha512-+XC0AD/R7Q2mPSRuy2Id0+CGTZ98+8f+KvwirxOKIEyid+XSx6HbC63p+O4IndTHuX5Z+JxQ0TghCkO5Cg/2HA==
  dependencies:
    lru-cache "^6.0.0"

"source-map-js@>=0.6.2 <2.0.0", source-map-js@^1.0.2:
  version "1.0.2"
  resolved "https://repo.huaweicloud.com/repository/npm/source-map-js/-/source-map-js-1.0.2.tgz"
  integrity sha512-R0XvVJ9WusLiqTCEiGCmICCMplcCkIwwR11mOSD9CR5u+IXYdiseeEuXCVAjS54zqwkLcPNnmU4OeJ6tUrWhDw==

source-map@^0.6.1:
  version "0.6.1"
  resolved "https://repo.huaweicloud.com/repository/npm/source-map/-/source-map-0.6.1.tgz"
  integrity sha512-UjgapumWlbMhkBgzT7Ykc5YXUT46F0iKu8SGXq0bcwP5dz/h0Plj6enJqjz1Zbq2l5WaqYnrVbwWOWMyF3F47g==

sourcemap-codec@^1.4.8:
  version "1.4.8"
  resolved "https://repo.huaweicloud.com/repository/npm/sourcemap-codec/-/sourcemap-codec-1.4.8.tgz"
  integrity sha512-9NykojV5Uih4lgo5So5dtw+f0JgJX30KCNI8gwhz2J9A15wD0Ml6tjHKwf6fTSa6fAdVBdZeNOs9eJ71qCk8vA==

to-regex-range@^5.0.1:
  version "5.0.1"
  resolved "https://repo.huaweicloud.com/repository/npm/to-regex-range/-/to-regex-range-5.0.1.tgz#1648c44aae7c8d988a326018ed72f5b4dd0392e4"
  integrity sha512-65P7iz6X5yEr1cwcgvQxbbIw7Uk3gOy5dIdtZ4rDveLqhrdJP+Li/Hx6tyK0NEb+2GCyneCMJiGqrADCSNk8sQ==
  dependencies:
    is-number "^7.0.0"

treemate@^0.3.11:
  version "0.3.11"
  resolved "https://repo.huaweicloud.com/repository/npm/treemate/-/treemate-0.3.11.tgz#7d52f8f69ab9ce326f8d139e0a3d1ffb25e48222"
  integrity sha512-M8RGFoKtZ8dF+iwJfAJTOH/SM4KluKOKRJpjCMhI8bG3qB74zrFoArKZ62ll0Fr3mqkMJiQOmWYkdYgDeITYQg==

typescript@^5.0.2:
  version "5.0.4"
  resolved "https://repo.huaweicloud.com/repository/npm/typescript/-/typescript-5.0.4.tgz"
  integrity sha512-cW9T5W9xY37cc+jfEnaUvX91foxtHkza3Nw3wkoF4sSlKn0MONdkdEndig/qPBWXNkmplh3NzayQzCiHM4/hqw==

vdirs@^0.1.4, vdirs@^0.1.8:
  version "0.1.8"
  resolved "https://repo.huaweicloud.com/repository/npm/vdirs/-/vdirs-0.1.8.tgz#a103bc43baca738f8dea912a7e9737154a19dbc2"
  integrity sha512-H9V1zGRLQZg9b+GdMk8MXDN2Lva0zx72MPahDKc30v+DtwKjfyOSXWRIX4t2mhDubM1H09gPhWeth/BJWPHGUw==
  dependencies:
    evtd "^0.2.2"

vite@^4.3.2:
  version "4.3.3"
  resolved "https://repo.huaweicloud.com/repository/npm/vite/-/vite-4.3.3.tgz#26adb4aa01439fc4546c480ea547674d87289396"
  integrity sha512-MwFlLBO4udZXd+VBcezo3u8mC77YQk+ik+fbc0GZWGgzfbPP+8Kf0fldhARqvSYmtIWoAJ5BXPClUbMTlqFxrA==
  dependencies:
    esbuild "^0.17.5"
    postcss "^8.4.23"
    rollup "^3.21.0"
  optionalDependencies:
    fsevents "~2.3.2"

vooks@^0.2.12, vooks@^0.2.4:
  version "0.2.12"
  resolved "https://repo.huaweicloud.com/repository/npm/vooks/-/vooks-0.2.12.tgz#2b6e23330b77bac81c7f7a344c4ca3e9f4f6c373"
  integrity sha512-iox0I3RZzxtKlcgYaStQYKEzWWGAduMmq+jS7OrNdQo1FgGfPMubGL3uGHOU9n97NIvfFDBGnpSvkWyb/NSn/Q==
  dependencies:
    evtd "^0.2.2"

vue-demi@*:
  version "0.14.0"
  resolved "https://repo.huaweicloud.com/repository/npm/vue-demi/-/vue-demi-0.14.0.tgz#dcfd9a9cf9bb62ada1582ec9042372cf67ca6190"
  integrity sha512-gt58r2ogsNQeVoQ3EhoUAvUsH9xviydl0dWJj7dabBC/2L4uBId7ujtCwDRD0JhkGsV1i0CtfLAeyYKBht9oWg==

vue-router@^4.1.6:
  version "4.1.6"
  resolved "https://repo.huaweicloud.com/repository/npm/vue-router/-/vue-router-4.1.6.tgz#b70303737e12b4814578d21d68d21618469375a1"
  integrity sha512-DYWYwsG6xNPmLq/FmZn8Ip+qrhFEzA14EI12MsMgVxvHFDYvlr4NXpVF5hrRH1wVcDP8fGi5F4rxuJSl8/r+EQ==
  dependencies:
    "@vue/devtools-api" "^6.4.5"

vue-template-compiler@^2.7.14:
  version "2.7.14"
  resolved "https://repo.huaweicloud.com/repository/npm/vue-template-compiler/-/vue-template-compiler-2.7.14.tgz"
  integrity sha512-zyA5Y3ArvVG0NacJDkkzJuPQDF8RFeRlzV2vLeSnhSpieO6LK2OVbdLPi5MPPs09Ii+gMO8nY4S3iKQxBxDmWQ==
  dependencies:
    de-indent "^1.0.2"
    he "^1.2.0"

vue-tsc@^1.4.2:
  version "1.6.1"
  resolved "https://repo.huaweicloud.com/repository/npm/vue-tsc/-/vue-tsc-1.6.1.tgz"
  integrity sha512-cKKKrv98MdU9kgd434fkjcIpU7a5bUflhklF9usf/GzebjmZpaht7tYGm/MNdBz7V9icySceCzCr3RiG02mOJg==
  dependencies:
    "@volar/vue-language-core" "1.6.1"
    "@volar/vue-typescript" "1.6.1"
    semver "^7.3.8"

vue@^3.2.47:
  version "3.2.47"
  resolved "https://repo.huaweicloud.com/repository/npm/vue/-/vue-3.2.47.tgz"
  integrity sha512-60188y/9Dc9WVrAZeUVSDxRQOZ+z+y5nO2ts9jWXSTkMvayiWxCWOWtBQoYjLeccfXkiiPZWAHcV+WTPhkqJHQ==
  dependencies:
    "@vue/compiler-dom" "3.2.47"
    "@vue/compiler-sfc" "3.2.47"
    "@vue/runtime-dom" "3.2.47"
    "@vue/server-renderer" "3.2.47"
    "@vue/shared" "3.2.47"

vueuc@^0.4.47:
  version "0.4.51"
  resolved "https://repo.huaweicloud.com/repository/npm/vueuc/-/vueuc-0.4.51.tgz#35cd5364db4b71fc791a9823748711b91d910d49"
  integrity sha512-pLiMChM4f+W8czlIClGvGBYo656lc2Y0/mXFSCydcSmnCR1izlKPGMgiYBGjbY9FDkFG8a2HEVz7t0DNzBWbDw==
  dependencies:
    "@css-render/vue3-ssr" "^0.15.10"
    "@juggle/resize-observer" "^3.3.1"
    css-render "^0.15.10"
    evtd "^0.2.4"
    seemly "^0.3.6"
    vdirs "^0.1.4"
    vooks "^0.2.4"

yallist@^4.0.0:
  version "4.0.0"
  resolved "https://repo.huaweicloud.com/repository/npm/yallist/-/yallist-4.0.0.tgz"
  integrity sha512-3wdGidZyq5PB084XLES5TpOSRA3wjXAlIWMhum2kRcv/41Sn2emQ0dycQW4uZXLejwKvg6EsvbdlVL+FYEct7A==
